
Microsoft Visual Studio Solution File, Format Version 12.00
# Visual Studio Version 17
VisualStudioVersion = 17.2.32616.157
MinimumVisualStudioVersion = 10.0.40219.1
Project("{FAE04EC0-301F-11D3-BF4B-00C04F79EFBC}") = "AlchemX", "AlchemX\AlchemX.csproj", "{C100C122-9E23-4F47-8A8E-38C4CCD80B78}"
EndProject
Global
	GlobalSection(SolutionConfigurationPlatforms) = preSolution
		Debug|Any CPU = Debug|Any CPU
		Release|Any CPU = Release|Any CPU
	EndGlobalSection
	GlobalSection(ProjectConfigurationPlatforms) = postSolution
		{C100C122-9E23-4F47-8A8E-38C4CCD80B78}.Debug|Any CPU.ActiveCfg = Debug|Any CPU
		{C100C122-9E23-4F47-8A8E-38C4CCD80B78}.Debug|Any CPU.Build.0 = Debug|Any CPU
		{C100C122-9E23-4F47-8A8E-38C4CCD80B78}.Release|Any CPU.ActiveCfg = Release|Any CPU
		{C100C122-9E23-4F47-8A8E-38C4CCD80B78}.Release|Any CPU.Build.0 = Release|Any CPU
	EndGlobalSection
	GlobalSection(SolutionProperties) = preSolution
		HideSolutionNode = FALSE
	EndGlobalSection
	GlobalSection(ExtensibilityGlobals) = postSolution
		SolutionGuid = {878F63C5-510F-4DF7-A2FF-935EC3B043B0}
	EndGlobalSection
EndGlobal
