
Microsoft Visual Studio Solution File, Format Version 12.00
# Visual Studio Version 17
VisualStudioVersion = 17.3.32825.248
MinimumVisualStudioVersion = 10.0.40219.1
Project("{FAE04EC0-301F-11D3-BF4B-00C04F79EFBC}") = "VL.GestureEngine", "VL.GestureEngine\VL.GestureEngine.csproj", "{DE5BAE3F-1C8A-4CD7-82C0-D9BAACFB69AB}"
EndProject
Global
	GlobalSection(SolutionConfigurationPlatforms) = preSolution
		Debug|Any CPU = Debug|Any CPU
		Release|Any CPU = Release|Any CPU
	EndGlobalSection
	GlobalSection(ProjectConfigurationPlatforms) = postSolution
		{DE5BAE3F-1C8A-4CD7-82C0-D9BAACFB69AB}.Debug|Any CPU.ActiveCfg = Debug|Any CPU
		{DE5BAE3F-1C8A-4CD7-82C0-D9BAACFB69AB}.Debug|Any CPU.Build.0 = Debug|Any CPU
		{DE5BAE3F-1C8A-4CD7-82C0-D9BAACFB69AB}.Release|Any CPU.ActiveCfg = Release|Any CPU
		{DE5BAE3F-1C8A-4CD7-82C0-D9BAACFB69AB}.Release|Any CPU.Build.0 = Release|Any CPU
	EndGlobalSection
	GlobalSection(SolutionProperties) = preSolution
		HideSolutionNode = FALSE
	EndGlobalSection
	GlobalSection(ExtensibilityGlobals) = postSolution
		SolutionGuid = {62B520DD-EC2A-4110-B27D-5CCF90B89244}
	EndGlobalSection
EndGlobal
