
Microsoft Visual Studio Solution File, Format Version 12.00
# Visual Studio Version 17
VisualStudioVersion = 17.3.32825.248
MinimumVisualStudioVersion = 10.0.40219.1
Project("{FAE04EC0-301F-11D3-BF4B-00C04F79EFBC}") = "Editor.Helpers", "Editor.Helpers.csproj", "{313076CB-88FF-40D6-AE2B-72AD631A0E53}"
EndProject
Global
	GlobalSection(SolutionConfigurationPlatforms) = preSolution
		Debug|Any CPU = Debug|Any CPU
		Release|Any CPU = Release|Any CPU
	EndGlobalSection
	GlobalSection(ProjectConfigurationPlatforms) = postSolution
		{313076CB-88FF-40D6-AE2B-72AD631A0E53}.Debug|Any CPU.ActiveCfg = Debug|Any CPU
		{313076CB-88FF-40D6-AE2B-72AD631A0E53}.Debug|Any CPU.Build.0 = Debug|Any CPU
		{313076CB-88FF-40D6-AE2B-72AD631A0E53}.Release|Any CPU.ActiveCfg = Release|Any CPU
		{313076CB-88FF-40D6-AE2B-72AD631A0E53}.Release|Any CPU.Build.0 = Release|Any CPU
	EndGlobalSection
	GlobalSection(SolutionProperties) = preSolution
		HideSolutionNode = FALSE
	EndGlobalSection
	GlobalSection(ExtensibilityGlobals) = postSolution
		SolutionGuid = {0E9E5E00-63F4-4E83-97E6-6DBB342C7362}
	EndGlobalSection
EndGlobal
