
Microsoft Visual Studio Solution File, Format Version 12.00
# Visual Studio Version 17
VisualStudioVersion = 17.2.32616.157
MinimumVisualStudioVersion = 10.0.40219.1
Project("{FAE04EC0-301F-11D3-BF4B-00C04F79EFBC}") = "VL.Touchy", "VL.Touchy.csproj", "{402658E4-E532-491B-B732-6BEC761BA6A0}"
EndProject
Global
	GlobalSection(SolutionConfigurationPlatforms) = preSolution
		Debug|Any CPU = Debug|Any CPU
		Release|Any CPU = Release|Any CPU
	EndGlobalSection
	GlobalSection(ProjectConfigurationPlatforms) = postSolution
		{402658E4-E532-491B-B732-6BEC761BA6A0}.Debug|Any CPU.ActiveCfg = Debug|Any CPU
		{402658E4-E532-491B-B732-6BEC761BA6A0}.Debug|Any CPU.Build.0 = Debug|Any CPU
		{402658E4-E532-491B-B732-6BEC761BA6A0}.Release|Any CPU.ActiveCfg = Release|Any CPU
		{402658E4-E532-491B-B732-6BEC761BA6A0}.Release|Any CPU.Build.0 = Release|Any CPU
	EndGlobalSection
	GlobalSection(SolutionProperties) = preSolution
		HideSolutionNode = FALSE
	EndGlobalSection
	GlobalSection(ExtensibilityGlobals) = postSolution
		SolutionGuid = {3736B415-49D5-4B92-B306-D1B3DE89FC3C}
	EndGlobalSection
EndGlobal
