
Microsoft Visual Studio Solution File, Format Version 12.00
# Visual Studio Version 16
VisualStudioVersion = 16.0.30907.101
MinimumVisualStudioVersion = 10.0.40219.1
Project("{9A19103F-16F7-4668-BE54-9A1E7A4F7556}") = "Kairos.Utils", "DynamicModel\Kairos.Utils.csproj", "{B030C4D8-89E3-42DE-89E8-84C5AB0CAFA2}"
EndProject
Global
	GlobalSection(SolutionConfigurationPlatforms) = preSolution
		Debug|Any CPU = Debug|Any CPU
		Release|Any CPU = Release|Any CPU
	EndGlobalSection
	GlobalSection(ProjectConfigurationPlatforms) = postSolution
		{B030C4D8-89E3-42DE-89E8-84C5AB0CAFA2}.Debug|Any CPU.ActiveCfg = Debug|Any CPU
		{B030C4D8-89E3-42DE-89E8-84C5AB0CAFA2}.Debug|Any CPU.Build.0 = Debug|Any CPU
		{B030C4D8-89E3-42DE-89E8-84C5AB0CAFA2}.Release|Any CPU.ActiveCfg = Release|Any CPU
		{B030C4D8-89E3-42DE-89E8-84C5AB0CAFA2}.Release|Any CPU.Build.0 = Release|Any CPU
	EndGlobalSection
	GlobalSection(SolutionProperties) = preSolution
		HideSolutionNode = FALSE
	EndGlobalSection
	GlobalSection(ExtensibilityGlobals) = postSolution
		SolutionGuid = {7FE549D5-9C49-4E47-8019-AFF36CFC760E}
	EndGlobalSection
EndGlobal
