
Microsoft Visual Studio Solution File, Format Version 12.00
# Visual Studio Version 17
VisualStudioVersion = 17.9.34723.18
MinimumVisualStudioVersion = 10.0.40219.1
Project("{FAE04EC0-301F-11D3-BF4B-00C04F79EFBC}") = "LayerX", "LayerX\LayerX.csproj", "{AA422770-DB99-4C71-937C-B4FE84EBFE27}"
EndProject
Global
	GlobalSection(SolutionConfigurationPlatforms) = preSolution
		Debug|Any CPU = Debug|Any CPU
		Release|Any CPU = Release|Any CPU
	EndGlobalSection
	GlobalSection(ProjectConfigurationPlatforms) = postSolution
		{AA422770-DB99-4C71-937C-B4FE84EBFE27}.Debug|Any CPU.ActiveCfg = Debug|Any CPU
		{AA422770-DB99-4C71-937C-B4FE84EBFE27}.Debug|Any CPU.Build.0 = Debug|Any CPU
		{AA422770-DB99-4C71-937C-B4FE84EBFE27}.Release|Any CPU.ActiveCfg = Release|Any CPU
		{AA422770-DB99-4C71-937C-B4FE84EBFE27}.Release|Any CPU.Build.0 = Release|Any CPU
	EndGlobalSection
	GlobalSection(SolutionProperties) = preSolution
		HideSolutionNode = FALSE
	EndGlobalSection
	GlobalSection(ExtensibilityGlobals) = postSolution
		SolutionGuid = {E2C6923D-6FA8-4DD8-865A-7EDA80611751}
	EndGlobalSection
EndGlobal
